
Microsoft Visual Studio Solution File, Format Version 12.00
# Visual Studio Version 16
VisualStudioVersion = 16.0.30523.141
MinimumVisualStudioVersion = 10.0.40219.1
Project("{FAE04EC0-301F-11D3-BF4B-00C04F79EFBC}") = "WebApplication6", "WebApplication6\WebApplication6.csproj", "{6AF18E11-4836-4268-8FE7-B40B85E33594}"
EndProject
Global
	GlobalSection(SolutionConfigurationPlatforms) = preSolution
		Debug|Any CPU = Debug|Any CPU
		Release|Any CPU = Release|Any CPU
	EndGlobalSection
	GlobalSection(ProjectConfigurationPlatforms) = postSolution
		{6AF18E11-4836-4268-8FE7-B40B85E33594}.Debug|Any CPU.ActiveCfg = Debug|Any CPU
		{6AF18E11-4836-4268-8FE7-B40B85E33594}.Debug|Any CPU.Build.0 = Debug|Any CPU
		{6AF18E11-4836-4268-8FE7-B40B85E33594}.Release|Any CPU.ActiveCfg = Release|Any CPU
		{6AF18E11-4836-4268-8FE7-B40B85E33594}.Release|Any CPU.Build.0 = Release|Any CPU
	EndGlobalSection
	GlobalSection(SolutionProperties) = preSolution
		HideSolutionNode = FALSE
	EndGlobalSection
	GlobalSection(ExtensibilityGlobals) = postSolution
		SolutionGuid = {AF27E92B-6DAF-45A6-84A9-6F525D56A7DE}
	EndGlobalSection
EndGlobal
